Microsoft Visual Studio Solution File, Format Version 11.00
# Visual Studio 2008

Project("{23BE340B-D86A-734B-E61C-33187646F7C5}") = "ProjectLabyrinth", "Assembly-CSharp-vs.csproj", "{82B44A8E-F17B-5D8F-DBFA-701ADF3F0D9F}"
EndProject
Project("{23BE340B-D86A-734B-E61C-33187646F7C5}") = "ProjectLabyrinth", "Assembly-CSharp-Editor-vs.csproj", "{6B337279-063F-0460-F5C2-229B2B340ACA}"
EndProject
Global
	GlobalSection(SolutionConfigurationPlatforms) = preSolution
		Debug|Any CPU = Debug|Any CPU
		Release|Any CPU = Release|Any CPU
	EndGlobalSection
	GlobalSection(ProjectConfigurationPlatforms) = postSolution
		{82B44A8E-F17B-5D8F-DBFA-701ADF3F0D9F}.Debug|Any CPU.ActiveCfg = Debug|Any CPU
		{82B44A8E-F17B-5D8F-DBFA-701ADF3F0D9F}.Debug|Any CPU.Build.0 = Debug|Any CPU
		{82B44A8E-F17B-5D8F-DBFA-701ADF3F0D9F}.Release|Any CPU.ActiveCfg = Release|Any CPU
		{82B44A8E-F17B-5D8F-DBFA-701ADF3F0D9F}.Release|Any CPU.Build.0 = Release|Any CPU
		{6B337279-063F-0460-F5C2-229B2B340ACA}.Debug|Any CPU.ActiveCfg = Debug|Any CPU
		{6B337279-063F-0460-F5C2-229B2B340ACA}.Debug|Any CPU.Build.0 = Debug|Any CPU
		{6B337279-063F-0460-F5C2-229B2B340ACA}.Release|Any CPU.ActiveCfg = Release|Any CPU
		{6B337279-063F-0460-F5C2-229B2B340ACA}.Release|Any CPU.Build.0 = Release|Any CPU
	EndGlobalSection
	GlobalSection(SolutionProperties) = preSolution
		HideSolutionNode = FALSE
	EndGlobalSection
																	GlobalSection(MonoDevelopProperties) = preSolution
		StartupItem = Assembly-CSharp.csproj
		Policies = $0
		$0.TextStylePolicy = $1
		$1.inheritsSet = null
		$1.scope = text/x-csharp
		$0.CSharpFormattingPolicy = $2
		$2.inheritsSet = Mono
		$2.inheritsScope = text/x-csharp
		$2.scope = text/x-csharp
		$0.TextStylePolicy = $3
		$3.FileWidth = 120
		$3.TabWidth = 4
		$3.EolMarker = Unix
		$3.inheritsSet = Mono
		$3.inheritsScope = text/plain
		$3.scope = text/plain
	EndGlobalSection

EndGlobal
